
Microsoft Visual Studio Solution File, Format Version 12.00
# Visual Studio Version 16
VisualStudioVersion = 16.0.32126.315
MinimumVisualStudioVersion = 10.0.40219.1
Project("{FAE04EC0-301F-11D3-BF4B-00C04F79EFBC}") = "ConsoleInput", "ConsoleInput\ConsoleInput.csproj", "{ACEACDC1-C323-4F0B-82E5-F60A50DFBBC1}"
EndProject
Global
	GlobalSection(SolutionConfigurationPlatforms) = preSolution
		Debug|Any CPU = Debug|Any CPU
		Release|Any CPU = Release|Any CPU
	EndGlobalSection
	GlobalSection(ProjectConfigurationPlatforms) = postSolution
		{ACEACDC1-C323-4F0B-82E5-F60A50DFBBC1}.Debug|Any CPU.ActiveCfg = Debug|Any CPU
		{ACEACDC1-C323-4F0B-82E5-F60A50DFBBC1}.Debug|Any CPU.Build.0 = Debug|Any CPU
		{ACEACDC1-C323-4F0B-82E5-F60A50DFBBC1}.Release|Any CPU.ActiveCfg = Release|Any CPU
		{ACEACDC1-C323-4F0B-82E5-F60A50DFBBC1}.Release|Any CPU.Build.0 = Release|Any CPU
	EndGlobalSection
	GlobalSection(SolutionProperties) = preSolution
		HideSolutionNode = FALSE
	EndGlobalSection
	GlobalSection(ExtensibilityGlobals) = postSolution
		SolutionGuid = {582C47F9-2665-40D6-8767-332476FA2A1C}
	EndGlobalSection
EndGlobal
