
Microsoft Visual Studio Solution File, Format Version 12.00
# Visual Studio Version 16
VisualStudioVersion = 16.0.32126.315
MinimumVisualStudioVersion = 10.0.40219.1
Project("{FAE04EC0-301F-11D3-BF4B-00C04F79EFBC}") = "Quiz3Conditionals", "Quiz3Conditionals\Quiz3Conditionals.csproj", "{83BF8437-822C-40F3-8E26-4CEBA69475BF}"
EndProject
Global
	GlobalSection(SolutionConfigurationPlatforms) = preSolution
		Debug|Any CPU = Debug|Any CPU
		Release|Any CPU = Release|Any CPU
	EndGlobalSection
	GlobalSection(ProjectConfigurationPlatforms) = postSolution
		{83BF8437-822C-40F3-8E26-4CEBA69475BF}.Debug|Any CPU.ActiveCfg = Debug|Any CPU
		{83BF8437-822C-40F3-8E26-4CEBA69475BF}.Debug|Any CPU.Build.0 = Debug|Any CPU
		{83BF8437-822C-40F3-8E26-4CEBA69475BF}.Release|Any CPU.ActiveCfg = Release|Any CPU
		{83BF8437-822C-40F3-8E26-4CEBA69475BF}.Release|Any CPU.Build.0 = Release|Any CPU
	EndGlobalSection
	GlobalSection(SolutionProperties) = preSolution
		HideSolutionNode = FALSE
	EndGlobalSection
	GlobalSection(ExtensibilityGlobals) = postSolution
		SolutionGuid = {39308838-E310-42D7-8A00-CC78CABCDDB1}
	EndGlobalSection
EndGlobal
