
Microsoft Visual Studio Solution File, Format Version 12.00
# Visual Studio Version 16
VisualStudioVersion = 16.0.32126.315
MinimumVisualStudioVersion = 10.0.40219.1
Project("{FAE04EC0-301F-11D3-BF4B-00C04F79EFBC}") = "Quiz3Methods", "Quiz3Methods\Quiz3Methods.csproj", "{8B187A50-2ACC-4332-97BB-3B33AE1C4E81}"
EndProject
Global
	GlobalSection(SolutionConfigurationPlatforms) = preSolution
		Debug|Any CPU = Debug|Any CPU
		Release|Any CPU = Release|Any CPU
	EndGlobalSection
	GlobalSection(ProjectConfigurationPlatforms) = postSolution
		{8B187A50-2ACC-4332-97BB-3B33AE1C4E81}.Debug|Any CPU.ActiveCfg = Debug|Any CPU
		{8B187A50-2ACC-4332-97BB-3B33AE1C4E81}.Debug|Any CPU.Build.0 = Debug|Any CPU
		{8B187A50-2ACC-4332-97BB-3B33AE1C4E81}.Release|Any CPU.ActiveCfg = Release|Any CPU
		{8B187A50-2ACC-4332-97BB-3B33AE1C4E81}.Release|Any CPU.Build.0 = Release|Any CPU
	EndGlobalSection
	GlobalSection(SolutionProperties) = preSolution
		HideSolutionNode = FALSE
	EndGlobalSection
	GlobalSection(ExtensibilityGlobals) = postSolution
		SolutionGuid = {7611BA52-8EAF-4EAC-8AA7-7E5DD5A237AD}
	EndGlobalSection
EndGlobal
