
Microsoft Visual Studio Solution File, Format Version 12.00
# Visual Studio Version 16
VisualStudioVersion = 16.0.32126.315
MinimumVisualStudioVersion = 10.0.40219.1
Project("{FAE04EC0-301F-11D3-BF4B-00C04F79EFBC}") = "Loops", "Loops\Loops.csproj", "{62029CCA-EA3D-402C-84EB-CC1EC0F828B3}"
EndProject
Global
	GlobalSection(SolutionConfigurationPlatforms) = preSolution
		Debug|Any CPU = Debug|Any CPU
		Release|Any CPU = Release|Any CPU
	EndGlobalSection
	GlobalSection(ProjectConfigurationPlatforms) = postSolution
		{62029CCA-EA3D-402C-84EB-CC1EC0F828B3}.Debug|Any CPU.ActiveCfg = Debug|Any CPU
		{62029CCA-EA3D-402C-84EB-CC1EC0F828B3}.Debug|Any CPU.Build.0 = Debug|Any CPU
		{62029CCA-EA3D-402C-84EB-CC1EC0F828B3}.Release|Any CPU.ActiveCfg = Release|Any CPU
		{62029CCA-EA3D-402C-84EB-CC1EC0F828B3}.Release|Any CPU.Build.0 = Release|Any CPU
	EndGlobalSection
	GlobalSection(SolutionProperties) = preSolution
		HideSolutionNode = FALSE
	EndGlobalSection
	GlobalSection(ExtensibilityGlobals) = postSolution
		SolutionGuid = {760A684D-C95F-438D-B2F9-0D0D43E46E2F}
	EndGlobalSection
EndGlobal
