
Microsoft Visual Studio Solution File, Format Version 12.00
# Visual Studio Version 16
VisualStudioVersion = 16.0.32126.315
MinimumVisualStudioVersion = 10.0.40219.1
Project("{FAE04EC0-301F-11D3-BF4B-00C04F79EFBC}") = "Quiz2Loops", "Quiz2Loops\Quiz2Loops.csproj", "{7144A8DE-5310-4F1E-84CA-6F6DA8FD2706}"
EndProject
Global
	GlobalSection(SolutionConfigurationPlatforms) = preSolution
		Debug|Any CPU = Debug|Any CPU
		Release|Any CPU = Release|Any CPU
	EndGlobalSection
	GlobalSection(ProjectConfigurationPlatforms) = postSolution
		{7144A8DE-5310-4F1E-84CA-6F6DA8FD2706}.Debug|Any CPU.ActiveCfg = Debug|Any CPU
		{7144A8DE-5310-4F1E-84CA-6F6DA8FD2706}.Debug|Any CPU.Build.0 = Debug|Any CPU
		{7144A8DE-5310-4F1E-84CA-6F6DA8FD2706}.Release|Any CPU.ActiveCfg = Release|Any CPU
		{7144A8DE-5310-4F1E-84CA-6F6DA8FD2706}.Release|Any CPU.Build.0 = Release|Any CPU
	EndGlobalSection
	GlobalSection(SolutionProperties) = preSolution
		HideSolutionNode = FALSE
	EndGlobalSection
	GlobalSection(ExtensibilityGlobals) = postSolution
		SolutionGuid = {67A8BEFB-296B-4F84-AD94-CF3932B4A374}
	EndGlobalSection
EndGlobal
