
Microsoft Visual Studio Solution File, Format Version 12.00
# Visual Studio Version 16
VisualStudioVersion = 16.0.32126.315
MinimumVisualStudioVersion = 10.0.40219.1
Project("{FAE04EC0-301F-11D3-BF4B-00C04F79EFBC}") = "Quiz2Conditionals", "Quiz2Conditionals\Quiz2Conditionals.csproj", "{5731CCA2-E4CE-4430-9658-16836FC06238}"
EndProject
Global
	GlobalSection(SolutionConfigurationPlatforms) = preSolution
		Debug|Any CPU = Debug|Any CPU
		Release|Any CPU = Release|Any CPU
	EndGlobalSection
	GlobalSection(ProjectConfigurationPlatforms) = postSolution
		{5731CCA2-E4CE-4430-9658-16836FC06238}.Debug|Any CPU.ActiveCfg = Debug|Any CPU
		{5731CCA2-E4CE-4430-9658-16836FC06238}.Debug|Any CPU.Build.0 = Debug|Any CPU
		{5731CCA2-E4CE-4430-9658-16836FC06238}.Release|Any CPU.ActiveCfg = Release|Any CPU
		{5731CCA2-E4CE-4430-9658-16836FC06238}.Release|Any CPU.Build.0 = Release|Any CPU
	EndGlobalSection
	GlobalSection(SolutionProperties) = preSolution
		HideSolutionNode = FALSE
	EndGlobalSection
	GlobalSection(ExtensibilityGlobals) = postSolution
		SolutionGuid = {4691F0A4-EFD7-4E02-AEAA-63430CAB374D}
	EndGlobalSection
EndGlobal
