
Microsoft Visual Studio Solution File, Format Version 12.00
# Visual Studio Version 16
VisualStudioVersion = 16.0.32126.315
MinimumVisualStudioVersion = 10.0.40219.1
Project("{FAE04EC0-301F-11D3-BF4B-00C04F79EFBC}") = "Quiz3Loops", "Quiz3Loops\Quiz3Loops.csproj", "{53258021-F09E-4098-87BA-7B93425248D5}"
EndProject
Global
	GlobalSection(SolutionConfigurationPlatforms) = preSolution
		Debug|Any CPU = Debug|Any CPU
		Release|Any CPU = Release|Any CPU
	EndGlobalSection
	GlobalSection(ProjectConfigurationPlatforms) = postSolution
		{53258021-F09E-4098-87BA-7B93425248D5}.Debug|Any CPU.ActiveCfg = Debug|Any CPU
		{53258021-F09E-4098-87BA-7B93425248D5}.Debug|Any CPU.Build.0 = Debug|Any CPU
		{53258021-F09E-4098-87BA-7B93425248D5}.Release|Any CPU.ActiveCfg = Release|Any CPU
		{53258021-F09E-4098-87BA-7B93425248D5}.Release|Any CPU.Build.0 = Release|Any CPU
	EndGlobalSection
	GlobalSection(SolutionProperties) = preSolution
		HideSolutionNode = FALSE
	EndGlobalSection
	GlobalSection(ExtensibilityGlobals) = postSolution
		SolutionGuid = {226F67C3-EC89-4923-AF0F-51DCA98F5EB1}
	EndGlobalSection
EndGlobal
