
Microsoft Visual Studio Solution File, Format Version 12.00
# Visual Studio Version 16
VisualStudioVersion = 16.0.32126.315
MinimumVisualStudioVersion = 10.0.40219.1
Project("{FAE04EC0-301F-11D3-BF4B-00C04F79EFBC}") = "Quiz2Arrays", "Quiz2Arrays\Quiz2Arrays.csproj", "{FCE4D6E8-EE45-4306-A4B3-9CF1C7BE3150}"
EndProject
Global
	GlobalSection(SolutionConfigurationPlatforms) = preSolution
		Debug|Any CPU = Debug|Any CPU
		Release|Any CPU = Release|Any CPU
	EndGlobalSection
	GlobalSection(ProjectConfigurationPlatforms) = postSolution
		{FCE4D6E8-EE45-4306-A4B3-9CF1C7BE3150}.Debug|Any CPU.ActiveCfg = Debug|Any CPU
		{FCE4D6E8-EE45-4306-A4B3-9CF1C7BE3150}.Debug|Any CPU.Build.0 = Debug|Any CPU
		{FCE4D6E8-EE45-4306-A4B3-9CF1C7BE3150}.Release|Any CPU.ActiveCfg = Release|Any CPU
		{FCE4D6E8-EE45-4306-A4B3-9CF1C7BE3150}.Release|Any CPU.Build.0 = Release|Any CPU
	EndGlobalSection
	GlobalSection(SolutionProperties) = preSolution
		HideSolutionNode = FALSE
	EndGlobalSection
	GlobalSection(ExtensibilityGlobals) = postSolution
		SolutionGuid = {311C9726-FEAC-4E1D-941F-1BD1DC640217}
	EndGlobalSection
EndGlobal
