
Microsoft Visual Studio Solution File, Format Version 12.00
# Visual Studio Version 16
VisualStudioVersion = 16.0.32126.315
MinimumVisualStudioVersion = 10.0.40219.1
Project("{FAE04EC0-301F-11D3-BF4B-00C04F79EFBC}") = "OptionalParameters", "OptionalParameters\OptionalParameters.csproj", "{D575A9EB-9A41-4859-B07F-D34AB9082EF3}"
EndProject
Global
	GlobalSection(SolutionConfigurationPlatforms) = preSolution
		Debug|Any CPU = Debug|Any CPU
		Release|Any CPU = Release|Any CPU
	EndGlobalSection
	GlobalSection(ProjectConfigurationPlatforms) = postSolution
		{D575A9EB-9A41-4859-B07F-D34AB9082EF3}.Debug|Any CPU.ActiveCfg = Debug|Any CPU
		{D575A9EB-9A41-4859-B07F-D34AB9082EF3}.Debug|Any CPU.Build.0 = Debug|Any CPU
		{D575A9EB-9A41-4859-B07F-D34AB9082EF3}.Release|Any CPU.ActiveCfg = Release|Any CPU
		{D575A9EB-9A41-4859-B07F-D34AB9082EF3}.Release|Any CPU.Build.0 = Release|Any CPU
	EndGlobalSection
	GlobalSection(SolutionProperties) = preSolution
		HideSolutionNode = FALSE
	EndGlobalSection
	GlobalSection(ExtensibilityGlobals) = postSolution
		SolutionGuid = {3464AD5A-C406-43C1-A9CB-C1CA1845E4A4}
	EndGlobalSection
EndGlobal
