
Microsoft Visual Studio Solution File, Format Version 12.00
# Visual Studio Version 16
VisualStudioVersion = 16.0.32126.315
MinimumVisualStudioVersion = 10.0.40219.1
Project("{FAE04EC0-301F-11D3-BF4B-00C04F79EFBC}") = "NumericConversionAndConstants", "NumericConversionAndConstants\NumericConversionAndConstants.csproj", "{0FC122B2-B02F-4A88-8931-D4C8329F97AD}"
EndProject
Global
	GlobalSection(SolutionConfigurationPlatforms) = preSolution
		Debug|Any CPU = Debug|Any CPU
		Release|Any CPU = Release|Any CPU
	EndGlobalSection
	GlobalSection(ProjectConfigurationPlatforms) = postSolution
		{0FC122B2-B02F-4A88-8931-D4C8329F97AD}.Debug|Any CPU.ActiveCfg = Debug|Any CPU
		{0FC122B2-B02F-4A88-8931-D4C8329F97AD}.Debug|Any CPU.Build.0 = Debug|Any CPU
		{0FC122B2-B02F-4A88-8931-D4C8329F97AD}.Release|Any CPU.ActiveCfg = Release|Any CPU
		{0FC122B2-B02F-4A88-8931-D4C8329F97AD}.Release|Any CPU.Build.0 = Release|Any CPU
	EndGlobalSection
	GlobalSection(SolutionProperties) = preSolution
		HideSolutionNode = FALSE
	EndGlobalSection
	GlobalSection(ExtensibilityGlobals) = postSolution
		SolutionGuid = {1130D53F-F3F1-46BF-A69E-09C0D7E519EA}
	EndGlobalSection
EndGlobal
